
Microsoft Visual Studio Solution File, Format Version 10.00
# Visual Studio 2008
Project("{FAE04EC0-301F-11D3-BF4B-00C04F79EFBC}") = "LinearAlgebra", "LinearAlgebra\LinearAlgebra.csproj", "{F3A86CC1-5FF5-43B2-97EC-96D3CE5B8664}"
EndProject
Project("{FAE04EC0-301F-11D3-BF4B-00C04F79EFBC}") = "LinearAlgebra.UnitTests", "LinearAlgebra.UnitTests\LinearAlgebra.UnitTests.csproj", "{EFFB107C-3DF3-4F7F-9C1B-B37E89345556}"
EndProject
Project("{2150E333-8FDC-42A3-9474-1A3956D46DE8}") = "Solution Items", "Solution Items", "{C992250D-A096-4468-AE0D-34559D909852}"
	ProjectSection(SolutionItems) = preProject
		LinearAlgebra.vsmdi = LinearAlgebra.vsmdi
		LinearAlgebra1.vsmdi = LinearAlgebra1.vsmdi
		LinearAlgebra2.vsmdi = LinearAlgebra2.vsmdi
		LocalTestRun.testrunconfig = LocalTestRun.testrunconfig
	EndProjectSection
EndProject
Project("{FAE04EC0-301F-11D3-BF4B-00C04F79EFBC}") = "LinearAlgebra.SampleConsoleApplication", "LinearAlgebra.SampleConsoleApplication\LinearAlgebra.SampleConsoleApplication.csproj", "{338FC9EF-BDB8-481E-8702-01257630B9AB}"
EndProject
Project("{FAE04EC0-301F-11D3-BF4B-00C04F79EFBC}") = "LinearAlegbra.Extentions", "LinearAlegbra.Extentions\LinearAlegbra.Extentions.csproj", "{31DABB9A-DD56-4153-9D49-B87BA71005D7}"
EndProject
Global
	GlobalSection(TeamFoundationVersionControl) = preSolution
		SccNumberOfProjects = 5
		SccEnterpriseProvider = {4CA58AB2-18FA-4F8D-95D4-32DDF27D184C}
		SccTeamFoundationServer = https://tfs07.codeplex.com/
		SccLocalPath0 = .
		SccProjectUniqueName1 = LinearAlgebra\\LinearAlgebra.csproj
		SccProjectName1 = LinearAlgebra
		SccLocalPath1 = LinearAlgebra
		SccProjectUniqueName2 = LinearAlgebra.UnitTests\\LinearAlgebra.UnitTests.csproj
		SccProjectName2 = LinearAlgebra.UnitTests
		SccLocalPath2 = LinearAlgebra.UnitTests
		SccProjectUniqueName3 = LinearAlgebra.SampleConsoleApplication\\LinearAlgebra.SampleConsoleApplication.csproj
		SccProjectName3 = LinearAlgebra.SampleConsoleApplication
		SccLocalPath3 = LinearAlgebra.SampleConsoleApplication
		SccProjectUniqueName4 = LinearAlegbra.Extentions\\LinearAlegbra.Extentions.csproj
		SccProjectName4 = LinearAlegbra.Extentions
		SccLocalPath4 = LinearAlegbra.Extentions
	EndGlobalSection
	GlobalSection(TestCaseManagementSettings) = postSolution
		CategoryFile = LinearAlgebra2.vsmdi
	EndGlobalSection
	GlobalSection(SolutionConfigurationPlatforms) = preSolution
		Debug|Any CPU = Debug|Any CPU
		Release|Any CPU = Release|Any CPU
	EndGlobalSection
	GlobalSection(ProjectConfigurationPlatforms) = postSolution
		{F3A86CC1-5FF5-43B2-97EC-96D3CE5B8664}.Debug|Any CPU.ActiveCfg = Debug|Any CPU
		{F3A86CC1-5FF5-43B2-97EC-96D3CE5B8664}.Debug|Any CPU.Build.0 = Debug|Any CPU
		{F3A86CC1-5FF5-43B2-97EC-96D3CE5B8664}.Release|Any CPU.ActiveCfg = Release|Any CPU
		{F3A86CC1-5FF5-43B2-97EC-96D3CE5B8664}.Release|Any CPU.Build.0 = Release|Any CPU
		{EFFB107C-3DF3-4F7F-9C1B-B37E89345556}.Debug|Any CPU.ActiveCfg = Debug|Any CPU
		{EFFB107C-3DF3-4F7F-9C1B-B37E89345556}.Debug|Any CPU.Build.0 = Debug|Any CPU
		{EFFB107C-3DF3-4F7F-9C1B-B37E89345556}.Release|Any CPU.ActiveCfg = Release|Any CPU
		{EFFB107C-3DF3-4F7F-9C1B-B37E89345556}.Release|Any CPU.Build.0 = Release|Any CPU
		{338FC9EF-BDB8-481E-8702-01257630B9AB}.Debug|Any CPU.ActiveCfg = Debug|Any CPU
		{338FC9EF-BDB8-481E-8702-01257630B9AB}.Debug|Any CPU.Build.0 = Debug|Any CPU
		{338FC9EF-BDB8-481E-8702-01257630B9AB}.Release|Any CPU.ActiveCfg = Release|Any CPU
		{338FC9EF-BDB8-481E-8702-01257630B9AB}.Release|Any CPU.Build.0 = Release|Any CPU
		{31DABB9A-DD56-4153-9D49-B87BA71005D7}.Debug|Any CPU.ActiveCfg = Debug|Any CPU
		{31DABB9A-DD56-4153-9D49-B87BA71005D7}.Debug|Any CPU.Build.0 = Debug|Any CPU
		{31DABB9A-DD56-4153-9D49-B87BA71005D7}.Release|Any CPU.ActiveCfg = Release|Any CPU
		{31DABB9A-DD56-4153-9D49-B87BA71005D7}.Release|Any CPU.Build.0 = Release|Any CPU
	EndGlobalSection
	GlobalSection(SolutionProperties) = preSolution
		HideSolutionNode = FALSE
	EndGlobalSection
EndGlobal
